// !$*UTF8*$!
{
	archiveVersion = 1;
	classes = {
	};
	objectVersion = 56;
	objects = {

/* Begin PBXBuildFile section */
		D38B8C6229973C0500D7DB93 /* BluetoothScannerApp.swift in Sources */ = {isa = PBXBuildFile; fileRef = D38B8C6129973C0500D7DB93 /* BluetoothScannerApp.swift */; };
		D38B8C6429973C0500D7DB93 /* MainView.swift in Sources */ = {isa = PBXBuildFile; fileRef = D38B8C6329973C0500D7DB93 /* MainView.swift */; };
		D38B8C6629973C0600D7DB93 /* Assets.xcassets in Resources */ = {isa = PBXBuildFile; fileRef = D38B8C6529973C0600D7DB93 /* Assets.xcassets */; };
		D38B8C6929973C0600D7DB93 /* Preview Assets.xcassets in Resources */ = {isa = PBXBuildFile; fileRef = D38B8C6829973C0600D7DB93 /* Preview Assets.xcassets */; };
		D3BA43BC299D6B8D002D046C /* TypeExtensions.swift in Sources */ = {isa = PBXBuildFile; fileRef = D3BA43BB299D6B8D002D046C /* TypeExtensions.swift */; };
		D3BA43BE299D6B9E002D046C /* CoreBluetoothExtensions.swift in Sources */ = {isa = PBXBuildFile; fileRef = D3BA43BD299D6B9E002D046C /* CoreBluetoothExtensions.swift */; };
		D3BA43C1299D6C0D002D046C /* PeripheralData.swift in Sources */ = {isa = PBXBuildFile; fileRef = D3BA43C0299D6C0D002D046C /* PeripheralData.swift */; };
		D3BA43C6299D6E2F002D046C /* PeripheralView.swift in Sources */ = {isa = PBXBuildFile; fileRef = D3BA43C5299D6E2F002D046C /* PeripheralView.swift */; };
		D3BA43CC299D6FAA002D046C /* CBManagerDelegate.swift in Sources */ = {isa = PBXBuildFile; fileRef = D3BA43CB299D6FAA002D046C /* CBManagerDelegate.swift */; };
		D3BA43CE299D701E002D046C /* CBPeripheralDelegate.swift in Sources */ = {isa = PBXBuildFile; fileRef = D3BA43CD299D701E002D046C /* CBPeripheralDelegate.swift */; };
/* End PBXBuildFile section */

/* Begin PBXFileReference section */
		D38B8C5E29973C0500D7DB93 /* BluetoothScanner.app */ = {isa = PBXFileReference; explicitFileType = wrapper.application; includeInIndex = 0; path = BluetoothScanner.app; sourceTree = BUILT_PRODUCTS_DIR; };
		D38B8C6129973C0500D7DB93 /* BluetoothScannerApp.swift */ = {isa = PBXFileReference; lastKnownFileType = sourcecode.swift; path = BluetoothScannerApp.swift; sourceTree = "<group>"; };
		D38B8C6329973C0500D7DB93 /* MainView.swift */ = {isa = PBXFileReference; lastKnownFileType = sourcecode.swift; path = MainView.swift; sourceTree = "<group>"; };
		D38B8C6529973C0600D7DB93 /* Assets.xcassets */ = {isa = PBXFileReference; lastKnownFileType = folder.assetcatalog; path = Assets.xcassets; sourceTree = "<group>"; };
		D38B8C6829973C0600D7DB93 /* Preview Assets.xcassets */ = {isa = PBXFileReference; lastKnownFileType = folder.assetcatalog; path = "Preview Assets.xcassets"; sourceTree = "<group>"; };
		D3BA43BB299D6B8D002D046C /* TypeExtensions.swift */ = {isa = PBXFileReference; lastKnownFileType = sourcecode.swift; path = TypeExtensions.swift; sourceTree = "<group>"; };
		D3BA43BD299D6B9E002D046C /* CoreBluetoothExtensions.swift */ = {isa = PBXFileReference; lastKnownFileType = sourcecode.swift; path = CoreBluetoothExtensions.swift; sourceTree = "<group>"; };
		D3BA43C0299D6C0D002D046C /* PeripheralData.swift */ = {isa = PBXFileReference; lastKnownFileType = sourcecode.swift; path = PeripheralData.swift; sourceTree = "<group>"; };
		D3BA43C5299D6E2F002D046C /* PeripheralView.swift */ = {isa = PBXFileReference; lastKnownFileType = sourcecode.swift; path = PeripheralView.swift; sourceTree = "<group>"; };
		D3BA43CB299D6FAA002D046C /* CBManagerDelegate.swift */ = {isa = PBXFileReference; lastKnownFileType = sourcecode.swift; path = CBManagerDelegate.swift; sourceTree = "<group>"; };
		D3BA43CD299D701E002D046C /* CBPeripheralDelegate.swift */ = {isa = PBXFileReference; lastKnownFileType = sourcecode.swift; path = CBPeripheralDelegate.swift; sourceTree = "<group>"; };
/* End PBXFileReference section */

/* Begin PBXFrameworksBuildPhase section */
		D38B8C5B29973C0500D7DB93 /* Frameworks */ = {
			isa = PBXFrameworksBuildPhase;
			buildActionMask = 2147483647;
			files = (
			);
			runOnlyForDeploymentPostprocessing = 0;
		};
/* End PBXFrameworksBuildPhase section */

/* Begin PBXGroup section */
		D38B8C5529973C0500D7DB93 = {
			isa = PBXGroup;
			children = (
				D38B8C6029973C0500D7DB93 /* BluetoothScanner */,
				D38B8C5F29973C0500D7DB93 /* Products */,
			);
			sourceTree = "<group>";
		};
		D38B8C5F29973C0500D7DB93 /* Products */ = {
			isa = PBXGroup;
			children = (
				D38B8C5E29973C0500D7DB93 /* BluetoothScanner.app */,
			);
			name = Products;
			sourceTree = "<group>";
		};
		D38B8C6029973C0500D7DB93 /* BluetoothScanner */ = {
			isa = PBXGroup;
			children = (
				D3BA43C2299D6D48002D046C /* App */,
				D3BA43BF299D6BFD002D046C /* Models */,
				D3BA43BA299D6B44002D046C /* Views */,
				D3BA43B9299D6B3E002D046C /* Extensions */,
				D38B8C6529973C0600D7DB93 /* Assets.xcassets */,
				D38B8C6729973C0600D7DB93 /* Preview Content */,
			);
			path = BluetoothScanner;
			sourceTree = "<group>";
		};
		D38B8C6729973C0600D7DB93 /* Preview Content */ = {
			isa = PBXGroup;
			children = (
				D38B8C6829973C0600D7DB93 /* Preview Assets.xcassets */,
			);
			path = "Preview Content";
			sourceTree = "<group>";
		};
		D3BA43B9299D6B3E002D046C /* Extensions */ = {
			isa = PBXGroup;
			children = (
				D3BA43BB299D6B8D002D046C /* TypeExtensions.swift */,
				D3BA43BD299D6B9E002D046C /* CoreBluetoothExtensions.swift */,
			);
			path = Extensions;
			sourceTree = "<group>";
		};
		D3BA43BA299D6B44002D046C /* Views */ = {
			isa = PBXGroup;
			children = (
				D38B8C6329973C0500D7DB93 /* MainView.swift */,
				D3BA43C5299D6E2F002D046C /* PeripheralView.swift */,
			);
			path = Views;
			sourceTree = "<group>";
		};
		D3BA43BF299D6BFD002D046C /* Models */ = {
			isa = PBXGroup;
			children = (
				D3BA43C0299D6C0D002D046C /* PeripheralData.swift */,
				D3BA43CB299D6FAA002D046C /* CBManagerDelegate.swift */,
				D3BA43CD299D701E002D046C /* CBPeripheralDelegate.swift */,
			);
			path = Models;
			sourceTree = "<group>";
		};
		D3BA43C2299D6D48002D046C /* App */ = {
			isa = PBXGroup;
			children = (
				D38B8C6129973C0500D7DB93 /* BluetoothScannerApp.swift */,
			);
			path = App;
			sourceTree = "<group>";
		};
/* End PBXGroup section */

/* Begin PBXNativeTarget section */
		D38B8C5D29973C0500D7DB93 /* BluetoothScanner */ = {
			isa = PBXNativeTarget;
			buildConfigurationList = D38B8C6C29973C0600D7DB93 /* Build configuration list for PBXNativeTarget "BluetoothScanner" */;
			buildPhases = (
				D38B8C5A29973C0500D7DB93 /* Sources */,
				D38B8C5B29973C0500D7DB93 /* Frameworks */,
				D38B8C5C29973C0500D7DB93 /* Resources */,
			);
			buildRules = (
			);
			dependencies = (
			);
			name = BluetoothScanner;
			productName = BluetoothScanner;
			productReference = D38B8C5E29973C0500D7DB93 /* BluetoothScanner.app */;
			productType = "com.apple.product-type.application";
		};
/* End PBXNativeTarget section */

/* Begin PBXProject section */
		D38B8C5629973C0500D7DB93 /* Project object */ = {
			isa = PBXProject;
			attributes = {
				BuildIndependentTargetsInParallel = 1;
				LastSwiftUpdateCheck = 1420;
				LastUpgradeCheck = 1420;
				TargetAttributes = {
					D38B8C5D29973C0500D7DB93 = {
						CreatedOnToolsVersion = 14.2;
					};
				};
			};
			buildConfigurationList = D38B8C5929973C0500D7DB93 /* Build configuration list for PBXProject "BluetoothScanner" */;
			compatibilityVersion = "Xcode 14.0";
			developmentRegion = en;
			hasScannedForEncodings = 0;
			knownRegions = (
				en,
				Base,
			);
			mainGroup = D38B8C5529973C0500D7DB93;
			productRefGroup = D38B8C5F29973C0500D7DB93 /* Products */;
			projectDirPath = "";
			projectRoot = "";
			targets = (
				D38B8C5D29973C0500D7DB93 /* BluetoothScanner */,
			);
		};
/* End PBXProject section */

/* Begin PBXResourcesBuildPhase section */
		D38B8C5C29973C0500D7DB93 /* Resources */ = {
			isa = PBXResourcesBuildPhase;
			buildActionMask = 2147483647;
			files = (
				D38B8C6929973C0600D7DB93 /* Preview Assets.xcassets in Resources */,
				D38B8C6629973C0600D7DB93 /* Assets.xcassets in Resources */,
			);
			runOnlyForDeploymentPostprocessing = 0;
		};
/* End PBXResourcesBuildPhase section */

/* Begin PBXSourcesBuildPhase section */
		D38B8C5A29973C0500D7DB93 /* Sources */ = {
			isa = PBXSourcesBuildPhase;
			buildActionMask = 2147483647;
			files = (
				D3BA43C1299D6C0D002D046C /* PeripheralData.swift in Sources */,
				D3BA43CE299D701E002D046C /* CBPeripheralDelegate.swift in Sources */,
				D38B8C6429973C0500D7DB93 /* MainView.swift in Sources */,
				D38B8C6229973C0500D7DB93 /* BluetoothScannerApp.swift in Sources */,
				D3BA43BC299D6B8D002D046C /* TypeExtensions.swift in Sources */,
				D3BA43CC299D6FAA002D046C /* CBManagerDelegate.swift in Sources */,
				D3BA43C6299D6E2F002D046C /* PeripheralView.swift in Sources */,
				D3BA43BE299D6B9E002D046C /* CoreBluetoothExtensions.swift in Sources */,
			);
			runOnlyForDeploymentPostprocessing = 0;
		};
/* End PBXSourcesBuildPhase section */

/* Begin XCBuildConfiguration section */
		D38B8C6A29973C0600D7DB93 /* Debug */ = {
			isa = XCBuildConfiguration;
			buildSettings = {
				ALWAYS_SEARCH_USER_PATHS = NO;
				CLANG_ANALYZER_NONNULL = YES;
				CLANG_ANALYZER_NUMBER_OBJECT_CONVERSION = YES_AGGRESSIVE;
				CLANG_CXX_LANGUAGE_STANDARD = "gnu++20";
				CLANG_ENABLE_MODULES = YES;
				CLANG_ENABLE_OBJC_ARC = YES;
				CLANG_ENABLE_OBJC_WEAK = YES;
				CLANG_WARN_BLOCK_CAPTURE_AUTORELEASING = YES;
				CLANG_WARN_BOOL_CONVERSION = YES;
				CLANG_WARN_COMMA = YES;
				CLANG_WARN_CONSTANT_CONVERSION = YES;
				CLANG_WARN_DEPRECATED_OBJC_IMPLEMENTATIONS = YES;
				CLANG_WARN_DIRECT_OBJC_ISA_USAGE = YES_ERROR;
				CLANG_WARN_DOCUMENTATION_COMMENTS = YES;
				CLANG_WARN_EMPTY_BODY = YES;
				CLANG_WARN_ENUM_CONVERSION = YES;
				CLANG_WARN_INFINITE_RECURSION = YES;
				CLANG_WARN_INT_CONVERSION = YES;
				CLANG_WARN_NON_LITERAL_NULL_CONVERSION = YES;
				CLANG_WARN_OBJC_IMPLICIT_RETAIN_SELF = YES;
				CLANG_WARN_OBJC_LITERAL_CONVERSION = YES;
				CLANG_WARN_OBJC_ROOT_CLASS = YES_ERROR;
				CLANG_WARN_QUOTED_INCLUDE_IN_FRAMEWORK_HEADER = YES;
				CLANG_WARN_RANGE_LOOP_ANALYSIS = YES;
				CLANG_WARN_STRICT_PROTOTYPES = YES;
				CLANG_WARN_SUSPICIOUS_MOVE = YES;
				CLANG_WARN_UNGUARDED_AVAILABILITY = YES_AGGRESSIVE;
				CLANG_WARN_UNREACHABLE_CODE = YES;
				CLANG_WARN__DUPLICATE_METHOD_MATCH = YES;
				COPY_PHASE_STRIP = NO;
				DEBUG_INFORMATION_FORMAT = dwarf;
				ENABLE_STRICT_OBJC_MSGSEND = YES;
				ENABLE_TESTABILITY = YES;
				GCC_C_LANGUAGE_STANDARD = gnu11;
				GCC_DYNAMIC_NO_PIC = NO;
				GCC_NO_COMMON_BLOCKS = YES;
				GCC_OPTIMIZATION_LEVEL = 0;
				GCC_PREPROCESSOR_DEFINITIONS = (
					"DEBUG=1",
					"$(inherited)",
				);
				GCC_WARN_64_TO_32_BIT_CONVERSION = YES;
				GCC_WARN_ABOUT_RETURN_TYPE = YES_ERROR;
				GCC_WARN_UNDECLARED_SELECTOR = YES;
				GCC_WARN_UNINITIALIZED_AUTOS = YES_AGGRESSIVE;
				GCC_WARN_UNUSED_FUNCTION = YES;
				GCC_WARN_UNUSED_VARIABLE = YES;
				IPHONEOS_DEPLOYMENT_TARGET = 16.2;
				MTL_ENABLE_DEBUG_INFO = INCLUDE_SOURCE;
				MTL_FAST_MATH = YES;
				ONLY_ACTIVE_ARCH = YES;
				SDKROOT = iphoneos;
				SWIFT_ACTIVE_COMPILATION_CONDITIONS = DEBUG;
				SWIFT_OPTIMIZATION_LEVEL = "-Onone";
			};
			name = Debug;
		};
		D38B8C6B29973C0600D7DB93 /* Release */ = {
			isa = XCBuildConfiguration;
			buildSettings = {
				ALWAYS_SEARCH_USER_PATHS = NO;
				CLANG_ANALYZER_NONNULL = YES;
				CLANG_ANALYZER_NUMBER_OBJECT_CONVERSION = YES_AGGRESSIVE;
				CLANG_CXX_LANGUAGE_STANDARD = "gnu++20";
				CLANG_ENABLE_MODULES = YES;
				CLANG_ENABLE_OBJC_ARC = YES;
				CLANG_ENABLE_OBJC_WEAK = YES;
				CLANG_WARN_BLOCK_CAPTURE_AUTORELEASING = YES;
				CLANG_WARN_BOOL_CONVERSION = YES;
				CLANG_WARN_COMMA = YES;
				CLANG_WARN_CONSTANT_CONVERSION = YES;
				CLANG_WARN_DEPRECATED_OBJC_IMPLEMENTATIONS = YES;
				CLANG_WARN_DIRECT_OBJC_ISA_USAGE = YES_ERROR;
				CLANG_WARN_DOCUMENTATION_COMMENTS = YES;
				CLANG_WARN_EMPTY_BODY = YES;
				CLANG_WARN_ENUM_CONVERSION = YES;
				CLANG_WARN_INFINITE_RECURSION = YES;
				CLANG_WARN_INT_CONVERSION = YES;
				CLANG_WARN_NON_LITERAL_NULL_CONVERSION = YES;
				CLANG_WARN_OBJC_IMPLICIT_RETAIN_SELF = YES;
				CLANG_WARN_OBJC_LITERAL_CONVERSION = YES;
				CLANG_WARN_OBJC_ROOT_CLASS = YES_ERROR;
				CLANG_WARN_QUOTED_INCLUDE_IN_FRAMEWORK_HEADER = YES;
				CLANG_WARN_RANGE_LOOP_ANALYSIS = YES;
				CLANG_WARN_STRICT_PROTOTYPES = YES;
				CLANG_WARN_SUSPICIOUS_MOVE = YES;
				CLANG_WARN_UNGUARDED_AVAILABILITY = YES_AGGRESSIVE;
				CLANG_WARN_UNREACHABLE_CODE = YES;
				CLANG_WARN__DUPLICATE_METHOD_MATCH = YES;
				COPY_PHASE_STRIP = NO;
				DEBUG_INFORMATION_FORMAT = "dwarf-with-dsym";
				ENABLE_NS_ASSERTIONS = NO;
				ENABLE_STRICT_OBJC_MSGSEND = YES;
				GCC_C_LANGUAGE_STANDARD = gnu11;
				GCC_NO_COMMON_BLOCKS = YES;
				GCC_WARN_64_TO_32_BIT_CONVERSION = YES;
				GCC_WARN_ABOUT_RETURN_TYPE = YES_ERROR;
				GCC_WARN_UNDECLARED_SELECTOR = YES;
				GCC_WARN_UNINITIALIZED_AUTOS = YES_AGGRESSIVE;
				GCC_WARN_UNUSED_FUNCTION = YES;
				GCC_WARN_UNUSED_VARIABLE = YES;
				IPHONEOS_DEPLOYMENT_TARGET = 16.2;
				MTL_ENABLE_DEBUG_INFO = NO;
				MTL_FAST_MATH = YES;
				SDKROOT = iphoneos;
				SWIFT_COMPILATION_MODE = wholemodule;
				SWIFT_OPTIMIZATION_LEVEL = "-O";
				VALIDATE_PRODUCT = YES;
			};
			name = Release;
		};
		D38B8C6D29973C0600D7DB93 /* Debug */ = {
			isa = XCBuildConfiguration;
			buildSettings = {
				ASSETCATALOG_COMPILER_APPICON_NAME = AppIcon;
				ASSETCATALOG_COMPILER_GLOBAL_ACCENT_COLOR_NAME = AccentColor;
				CODE_SIGN_STYLE = Automatic;
				CURRENT_PROJECT_VERSION = 1;
				DEVELOPMENT_ASSET_PATHS = "\"BluetoothScanner/Preview Content\"";
				DEVELOPMENT_TEAM = F444M93634;
				ENABLE_PREVIEWS = YES;
				GENERATE_INFOPLIST_FILE = YES;
				INFOPLIST_KEY_NSBluetoothAlwaysUsageDescription = "";
				INFOPLIST_KEY_NSBluetoothPeripheralUsageDescription = "";
				INFOPLIST_KEY_UIApplicationSceneManifest_Generation = YES;
				INFOPLIST_KEY_UIApplicationSupportsIndirectInputEvents = YES;
				INFOPLIST_KEY_UILaunchScreen_Generation = YES;
				INFOPLIST_KEY_UISupportedInterfaceOrientations_iPad = "UIInterfaceOrientationPortrait UIInterfaceOrientationPortraitUpsideDown UIInterfaceOrientationLandscapeLeft UIInterfaceOrientationLandscapeRight";
				INFOPLIST_KEY_UISupportedInterfaceOrientations_iPhone = "UIInterfaceOrientationPortrait UIInterfaceOrientationLandscapeLeft UIInterfaceOrientationLandscapeRight";
				IPHONEOS_DEPLOYMENT_TARGET = 15.0;
				LD_RUNPATH_SEARCH_PATHS = (
					"$(inherited)",
					"@executable_path/Frameworks",
				);
				MARKETING_VERSION = 1.0;
				PRODUCT_BUNDLE_IDENTIFIER = crestavista.app.BluetoothScanner;
				PRODUCT_NAME = "$(TARGET_NAME)";
				SWIFT_EMIT_LOC_STRINGS = YES;
				SWIFT_VERSION = 5.0;
				TARGETED_DEVICE_FAMILY = "1,2";
			};
			name = Debug;
		};
		D38B8C6E29973C0600D7DB93 /* Release */ = {
			isa = XCBuildConfiguration;
			buildSettings = {
				ASSETCATALOG_COMPILER_APPICON_NAME = AppIcon;
				ASSETCATALOG_COMPILER_GLOBAL_ACCENT_COLOR_NAME = AccentColor;
				CODE_SIGN_STYLE = Automatic;
				CURRENT_PROJECT_VERSION = 1;
				DEVELOPMENT_ASSET_PATHS = "\"BluetoothScanner/Preview Content\"";
				DEVELOPMENT_TEAM = F444M93634;
				ENABLE_PREVIEWS = YES;
				GENERATE_INFOPLIST_FILE = YES;
				INFOPLIST_KEY_NSBluetoothAlwaysUsageDescription = "";
				INFOPLIST_KEY_NSBluetoothPeripheralUsageDescription = "";
				INFOPLIST_KEY_UIApplicationSceneManifest_Generation = YES;
				INFOPLIST_KEY_UIApplicationSupportsIndirectInputEvents = YES;
				INFOPLIST_KEY_UILaunchScreen_Generation = YES;
				INFOPLIST_KEY_UISupportedInterfaceOrientations_iPad = "UIInterfaceOrientationPortrait UIInterfaceOrientationPortraitUpsideDown UIInterfaceOrientationLandscapeLeft UIInterfaceOrientationLandscapeRight";
				INFOPLIST_KEY_UISupportedInterfaceOrientations_iPhone = "UIInterfaceOrientationPortrait UIInterfaceOrientationLandscapeLeft UIInterfaceOrientationLandscapeRight";
				IPHONEOS_DEPLOYMENT_TARGET = 15.0;
				LD_RUNPATH_SEARCH_PATHS = (
					"$(inherited)",
					"@executable_path/Frameworks",
				);
				MARKETING_VERSION = 1.0;
				PRODUCT_BUNDLE_IDENTIFIER = crestavista.app.BluetoothScanner;
				PRODUCT_NAME = "$(TARGET_NAME)";
				SWIFT_EMIT_LOC_STRINGS = YES;
				SWIFT_VERSION = 5.0;
				TARGETED_DEVICE_FAMILY = "1,2";
			};
			name = Release;
		};
/* End XCBuildConfiguration section */

/* Begin XCConfigurationList section */
		D38B8C5929973C0500D7DB93 /* Build configuration list for PBXProject "BluetoothScanner" */ = {
			isa = XCConfigurationList;
			buildConfigurations = (
				D38B8C6A29973C0600D7DB93 /* Debug */,
				D38B8C6B29973C0600D7DB93 /* Release */,
			);
			defaultConfigurationIsVisible = 0;
			defaultConfigurationName = Release;
		};
		D38B8C6C29973C0600D7DB93 /* Build configuration list for PBXNativeTarget "BluetoothScanner" */ = {
			isa = XCConfigurationList;
			buildConfigurations = (
				D38B8C6D29973C0600D7DB93 /* Debug */,
				D38B8C6E29973C0600D7DB93 /* Release */,
			);
			defaultConfigurationIsVisible = 0;
			defaultConfigurationName = Release;
		};
/* End XCConfigurationList section */
	};
	rootObject = D38B8C5629973C0500D7DB93 /* Project object */;
}
